
Microsoft Visual Studio Solution File, Format Version 12.00
# Visual Studio 15
VisualStudioVersion = 15.0.27004.2002
MinimumVisualStudioVersion = 10.0.40219.1
Project("{FAE04EC0-301F-11D3-BF4B-00C04F79EFBC}") = "Clients", "Clients\Clients.csproj", "{EAAC1CCC-B0E2-4B31-ABBF-4AABCDB56B95}"
EndProject
Project("{FAE04EC0-301F-11D3-BF4B-00C04F79EFBC}") = "Server", "Server\Server.csproj", "{1DC98D41-7583-4A39-89CC-EEF6E754FBF0}"
EndProject
Global
	GlobalSection(SolutionConfigurationPlatforms) = preSolution
		Debug|Any CPU = Debug|Any CPU
		Release|Any CPU = Release|Any CPU
	EndGlobalSection
	GlobalSection(ProjectConfigurationPlatforms) = postSolution
		{EAAC1CCC-B0E2-4B31-ABBF-4AABCDB56B95}.Debug|Any CPU.ActiveCfg = Debug|Any CPU
		{EAAC1CCC-B0E2-4B31-ABBF-4AABCDB56B95}.Debug|Any CPU.Build.0 = Debug|Any CPU
		{EAAC1CCC-B0E2-4B31-ABBF-4AABCDB56B95}.Release|Any CPU.ActiveCfg = Release|Any CPU
		{EAAC1CCC-B0E2-4B31-ABBF-4AABCDB56B95}.Release|Any CPU.Build.0 = Release|Any CPU
		{1DC98D41-7583-4A39-89CC-EEF6E754FBF0}.Debug|Any CPU.ActiveCfg = Debug|Any CPU
		{1DC98D41-7583-4A39-89CC-EEF6E754FBF0}.Debug|Any CPU.Build.0 = Debug|Any CPU
		{1DC98D41-7583-4A39-89CC-EEF6E754FBF0}.Release|Any CPU.ActiveCfg = Release|Any CPU
		{1DC98D41-7583-4A39-89CC-EEF6E754FBF0}.Release|Any CPU.Build.0 = Release|Any CPU
	EndGlobalSection
	GlobalSection(SolutionProperties) = preSolution
		HideSolutionNode = FALSE
	EndGlobalSection
	GlobalSection(ExtensibilityGlobals) = postSolution
		SolutionGuid = {9D8B60A2-B2AC-46FC-A6C7-D088A56F137C}
	EndGlobalSection
EndGlobal
